
Microsoft Visual Studio Solution File, Format Version 12.00
# Visual Studio Version 17
VisualStudioVersion = 17.4.33213.308
MinimumVisualStudioVersion = 10.0.40219.1
Project("{FAE04EC0-301F-11D3-BF4B-00C04F79EFBC}") = "Winform", "Winform\Winform.csproj", "{2E0DA994-FB84-4C82-AED6-A92E0FEFA42A}"
EndProject
Global
	GlobalSection(SolutionConfigurationPlatforms) = preSolution
		Debug|Any CPU = Debug|Any CPU
		Release|Any CPU = Release|Any CPU
	EndGlobalSection
	GlobalSection(ProjectConfigurationPlatforms) = postSolution
		{2E0DA994-FB84-4C82-AED6-A92E0FEFA42A}.Debug|Any CPU.ActiveCfg = Debug|Any CPU
		{2E0DA994-FB84-4C82-AED6-A92E0FEFA42A}.Debug|Any CPU.Build.0 = Debug|Any CPU
		{2E0DA994-FB84-4C82-AED6-A92E0FEFA42A}.Release|Any CPU.ActiveCfg = Release|Any CPU
		{2E0DA994-FB84-4C82-AED6-A92E0FEFA42A}.Release|Any CPU.Build.0 = Release|Any CPU
	EndGlobalSection
	GlobalSection(SolutionProperties) = preSolution
		HideSolutionNode = FALSE
	EndGlobalSection
	GlobalSection(ExtensibilityGlobals) = postSolution
		SolutionGuid = {C4216920-BFBA-4840-AA79-44DBEED9ACB6}
	EndGlobalSection
EndGlobal
